
Microsoft Visual Studio Solution File, Format Version 12.00
# Visual Studio Version 16
VisualStudioVersion = 16.0.30114.105
MinimumVisualStudioVersion = 10.0.40219.1
Project("{FAE04EC0-301F-11D3-BF4B-00C04F79EFBC}") = "API", "API\API.csproj", "{207D96D4-F778-49B2-B285-633747D3A5DB}"
EndProject
Project("{FAE04EC0-301F-11D3-BF4B-00C04F79EFBC}") = "Application", "Application\Application.csproj", "{47AD2259-5E89-4D54-B07C-B5CDA8BEB1A0}"
EndProject
Project("{FAE04EC0-301F-11D3-BF4B-00C04F79EFBC}") = "Persistence", "Persistence\Persistence.csproj", "{AD5A82BF-4F26-468E-A760-F90B4E4C9456}"
EndProject
Project("{FAE04EC0-301F-11D3-BF4B-00C04F79EFBC}") = "Domain", "Domain\Domain.csproj", "{33F644B7-4D61-4182-8E1B-E80E011A5CCA}"
EndProject
Global
	GlobalSection(SolutionConfigurationPlatforms) = preSolution
		Debug|Any CPU = Debug|Any CPU
		Debug|x64 = Debug|x64
		Debug|x86 = Debug|x86
		Release|Any CPU = Release|Any CPU
		Release|x64 = Release|x64
		Release|x86 = Release|x86
	EndGlobalSection
	GlobalSection(SolutionProperties) = preSolution
		HideSolutionNode = FALSE
	EndGlobalSection
	GlobalSection(ProjectConfigurationPlatforms) = postSolution
		{207D96D4-F778-49B2-B285-633747D3A5DB}.Debug|Any CPU.ActiveCfg = Debug|Any CPU
		{207D96D4-F778-49B2-B285-633747D3A5DB}.Debug|Any CPU.Build.0 = Debug|Any CPU
		{207D96D4-F778-49B2-B285-633747D3A5DB}.Debug|x64.ActiveCfg = Debug|Any CPU
		{207D96D4-F778-49B2-B285-633747D3A5DB}.Debug|x64.Build.0 = Debug|Any CPU
		{207D96D4-F778-49B2-B285-633747D3A5DB}.Debug|x86.ActiveCfg = Debug|Any CPU
		{207D96D4-F778-49B2-B285-633747D3A5DB}.Debug|x86.Build.0 = Debug|Any CPU
		{207D96D4-F778-49B2-B285-633747D3A5DB}.Release|Any CPU.ActiveCfg = Release|Any CPU
		{207D96D4-F778-49B2-B285-633747D3A5DB}.Release|Any CPU.Build.0 = Release|Any CPU
		{207D96D4-F778-49B2-B285-633747D3A5DB}.Release|x64.ActiveCfg = Release|Any CPU
		{207D96D4-F778-49B2-B285-633747D3A5DB}.Release|x64.Build.0 = Release|Any CPU
		{207D96D4-F778-49B2-B285-633747D3A5DB}.Release|x86.ActiveCfg = Release|Any CPU
		{207D96D4-F778-49B2-B285-633747D3A5DB}.Release|x86.Build.0 = Release|Any CPU
		{47AD2259-5E89-4D54-B07C-B5CDA8BEB1A0}.Debug|Any CPU.ActiveCfg = Debug|Any CPU
		{47AD2259-5E89-4D54-B07C-B5CDA8BEB1A0}.Debug|Any CPU.Build.0 = Debug|Any CPU
		{47AD2259-5E89-4D54-B07C-B5CDA8BEB1A0}.Debug|x64.ActiveCfg = Debug|Any CPU
		{47AD2259-5E89-4D54-B07C-B5CDA8BEB1A0}.Debug|x64.Build.0 = Debug|Any CPU
		{47AD2259-5E89-4D54-B07C-B5CDA8BEB1A0}.Debug|x86.ActiveCfg = Debug|Any CPU
		{47AD2259-5E89-4D54-B07C-B5CDA8BEB1A0}.Debug|x86.Build.0 = Debug|Any CPU
		{47AD2259-5E89-4D54-B07C-B5CDA8BEB1A0}.Release|Any CPU.ActiveCfg = Release|Any CPU
		{47AD2259-5E89-4D54-B07C-B5CDA8BEB1A0}.Release|Any CPU.Build.0 = Release|Any CPU
		{47AD2259-5E89-4D54-B07C-B5CDA8BEB1A0}.Release|x64.ActiveCfg = Release|Any CPU
		{47AD2259-5E89-4D54-B07C-B5CDA8BEB1A0}.Release|x64.Build.0 = Release|Any CPU
		{47AD2259-5E89-4D54-B07C-B5CDA8BEB1A0}.Release|x86.ActiveCfg = Release|Any CPU
		{47AD2259-5E89-4D54-B07C-B5CDA8BEB1A0}.Release|x86.Build.0 = Release|Any CPU
		{AD5A82BF-4F26-468E-A760-F90B4E4C9456}.Debug|Any CPU.ActiveCfg = Debug|Any CPU
		{AD5A82BF-4F26-468E-A760-F90B4E4C9456}.Debug|Any CPU.Build.0 = Debug|Any CPU
		{AD5A82BF-4F26-468E-A760-F90B4E4C9456}.Debug|x64.ActiveCfg = Debug|Any CPU
		{AD5A82BF-4F26-468E-A760-F90B4E4C9456}.Debug|x64.Build.0 = Debug|Any CPU
		{AD5A82BF-4F26-468E-A760-F90B4E4C9456}.Debug|x86.ActiveCfg = Debug|Any CPU
		{AD5A82BF-4F26-468E-A760-F90B4E4C9456}.Debug|x86.Build.0 = Debug|Any CPU
		{AD5A82BF-4F26-468E-A760-F90B4E4C9456}.Release|Any CPU.ActiveCfg = Release|Any CPU
		{AD5A82BF-4F26-468E-A760-F90B4E4C9456}.Release|Any CPU.Build.0 = Release|Any CPU
		{AD5A82BF-4F26-468E-A760-F90B4E4C9456}.Release|x64.ActiveCfg = Release|Any CPU
		{AD5A82BF-4F26-468E-A760-F90B4E4C9456}.Release|x64.Build.0 = Release|Any CPU
		{AD5A82BF-4F26-468E-A760-F90B4E4C9456}.Release|x86.ActiveCfg = Release|Any CPU
		{AD5A82BF-4F26-468E-A760-F90B4E4C9456}.Release|x86.Build.0 = Release|Any CPU
		{33F644B7-4D61-4182-8E1B-E80E011A5CCA}.Debug|Any CPU.ActiveCfg = Debug|Any CPU
		{33F644B7-4D61-4182-8E1B-E80E011A5CCA}.Debug|Any CPU.Build.0 = Debug|Any CPU
		{33F644B7-4D61-4182-8E1B-E80E011A5CCA}.Debug|x64.ActiveCfg = Debug|Any CPU
		{33F644B7-4D61-4182-8E1B-E80E011A5CCA}.Debug|x64.Build.0 = Debug|Any CPU
		{33F644B7-4D61-4182-8E1B-E80E011A5CCA}.Debug|x86.ActiveCfg = Debug|Any CPU
		{33F644B7-4D61-4182-8E1B-E80E011A5CCA}.Debug|x86.Build.0 = Debug|Any CPU
		{33F644B7-4D61-4182-8E1B-E80E011A5CCA}.Release|Any CPU.ActiveCfg = Release|Any CPU
		{33F644B7-4D61-4182-8E1B-E80E011A5CCA}.Release|Any CPU.Build.0 = Release|Any CPU
		{33F644B7-4D61-4182-8E1B-E80E011A5CCA}.Release|x64.ActiveCfg = Release|Any CPU
		{33F644B7-4D61-4182-8E1B-E80E011A5CCA}.Release|x64.Build.0 = Release|Any CPU
		{33F644B7-4D61-4182-8E1B-E80E011A5CCA}.Release|x86.ActiveCfg = Release|Any CPU
		{33F644B7-4D61-4182-8E1B-E80E011A5CCA}.Release|x86.Build.0 = Release|Any CPU
	EndGlobalSection
EndGlobal
